
Microsoft Visual Studio Solution File, Format Version 12.00
# Visual Studio Version 17
VisualStudioVersion = 17.8.34322.80
MinimumVisualStudioVersion = 10.0.40219.1
Project("{FAE04EC0-301F-11D3-BF4B-00C04F79EFBC}") = "ASPTestRustami", "ASPTestRustami\ASPTestRustami.csproj", "{7A41091D-C7D4-4270-8181-7AA07FBE9149}"
EndProject
Project("{00D1A9C2-B5F0-4AF3-8072-F6C62B433612}") = "Database", "Database\Database.sqlproj", "{3A0FB026-353A-4A15-BDE7-E71E8C7A835F}"
EndProject
Global
	GlobalSection(SolutionConfigurationPlatforms) = preSolution
		Debug|Any CPU = Debug|Any CPU
		Release|Any CPU = Release|Any CPU
	EndGlobalSection
	GlobalSection(ProjectConfigurationPlatforms) = postSolution
		{7A41091D-C7D4-4270-8181-7AA07FBE9149}.Debug|Any CPU.ActiveCfg = Debug|Any CPU
		{7A41091D-C7D4-4270-8181-7AA07FBE9149}.Debug|Any CPU.Build.0 = Debug|Any CPU
		{7A41091D-C7D4-4270-8181-7AA07FBE9149}.Release|Any CPU.ActiveCfg = Release|Any CPU
		{7A41091D-C7D4-4270-8181-7AA07FBE9149}.Release|Any CPU.Build.0 = Release|Any CPU
		{3A0FB026-353A-4A15-BDE7-E71E8C7A835F}.Debug|Any CPU.ActiveCfg = Debug|Any CPU
		{3A0FB026-353A-4A15-BDE7-E71E8C7A835F}.Debug|Any CPU.Build.0 = Debug|Any CPU
		{3A0FB026-353A-4A15-BDE7-E71E8C7A835F}.Debug|Any CPU.Deploy.0 = Debug|Any CPU
		{3A0FB026-353A-4A15-BDE7-E71E8C7A835F}.Release|Any CPU.ActiveCfg = Release|Any CPU
		{3A0FB026-353A-4A15-BDE7-E71E8C7A835F}.Release|Any CPU.Build.0 = Release|Any CPU
		{3A0FB026-353A-4A15-BDE7-E71E8C7A835F}.Release|Any CPU.Deploy.0 = Release|Any CPU
	EndGlobalSection
	GlobalSection(SolutionProperties) = preSolution
		HideSolutionNode = FALSE
	EndGlobalSection
	GlobalSection(ExtensibilityGlobals) = postSolution
		SolutionGuid = {0316D72A-3DC8-4E73-B7E5-BD8E5B20EE52}
	EndGlobalSection
EndGlobal
